<?xml version="1.0" encoding="utf-8"?>
<Project ToolsVersion="4.0" xmlns="http://schemas.microsoft.com/developer/msbuild/2003">
  <ItemGroup>
    <Filter Include="Source Files">
      <UniqueIdentifier>{4FC737F1-C7A5-4376-A066-2A32D752A2FF}</UniqueIdentifier>
      <Extensions>cpp;cxx;c;def</Extensions>
    </Filter>
    <Filter Include="Header Files">
      <UniqueIdentifier>{93995380-89BD-4b04-88EB-625FBE52EBFB}</UniqueIdentifier>
      <Extensions>h</Extensions>
    </Filter>
    <Filter Include="Form Files">
      <UniqueIdentifier>{99349809-55BA-4b9d-BF79-8FDBB0286EB3}</UniqueIdentifier>
      <Extensions>ui</Extensions>
    </Filter>
    <Filter Include="Resource Files">
      <UniqueIdentifier>{D9D6E242-F8AF-46E4-B9FD-80ECBC20BA3E}</UniqueIdentifier>
      <Extensions>qrc;*</Extensions>
      <ParseFiles>false</ParseFiles>
    </Filter>
    <Filter Include="Generated Files">
      <UniqueIdentifier>{71ED8ED8-ACB9-4CE9-BBE1-E00B30144E11}</UniqueIdentifier>
      <Extensions>moc;h;cpp</Extensions>
      <SourceControlFiles>False</SourceControlFiles>
    </Filter>
    <Filter Include="Generated Files\Debug">
      <UniqueIdentifier>{b108ac8f-d086-4a42-add0-61cb9dd86a67}</UniqueIdentifier>
      <Extensions>cpp;moc</Extensions>
      <SourceControlFiles>False</SourceControlFiles>
    </Filter>
    <Filter Include="Generated Files\Release">
      <UniqueIdentifier>{89009261-cc7f-4bee-8bf6-cdd1b912a3af}</UniqueIdentifier>
      <Extensions>cpp;moc</Extensions>
      <SourceControlFiles>False</SourceControlFiles>
    </Filter>
    <Filter Include="Header Files\Manager">
      <UniqueIdentifier>{c82f2b4c-91e0-48e7-aa78-54060bab4f73}</UniqueIdentifier>
    </Filter>
    <Filter Include="Source Files\Manager">
      <UniqueIdentifier>{5398c53c-af52-4695-a89f-a39e6d4bd8e9}</UniqueIdentifier>
    </Filter>
    <Filter Include="Form Files\FunctionalWidget">
      <UniqueIdentifier>{507b55bd-f10e-4114-bf36-99ddb4d75b77}</UniqueIdentifier>
    </Filter>
    <Filter Include="Form Files\FunctionalWidget\Config">
      <UniqueIdentifier>{120b9dfc-34b9-481e-a501-8b0dc0a46940}</UniqueIdentifier>
    </Filter>
    <Filter Include="Form Files\TrackingWidget">
      <UniqueIdentifier>{f14d29e0-bf50-4227-a64c-59c0ab5d80fe}</UniqueIdentifier>
    </Filter>
    <Filter Include="Header Files\TrackingWidget">
      <UniqueIdentifier>{1f35d543-ca51-4a6d-8d85-4a81a04d55b1}</UniqueIdentifier>
    </Filter>
    <Filter Include="Header Files\FunctionalWidget">
      <UniqueIdentifier>{f6dd4448-0614-40a9-abb0-afc35928f98b}</UniqueIdentifier>
    </Filter>
    <Filter Include="Header Files\FunctionalWidget\Config">
      <UniqueIdentifier>{4f15def6-222e-48e7-ba66-ac26ca24b470}</UniqueIdentifier>
    </Filter>
    <Filter Include="Source Files\TrackingWidget">
      <UniqueIdentifier>{dae4d700-e9a2-4552-8124-e2e5d95b7470}</UniqueIdentifier>
    </Filter>
    <Filter Include="Source Files\FunctionalWidget">
      <UniqueIdentifier>{5423fb36-27f0-4d1e-8ae1-6d79cde0db59}</UniqueIdentifier>
    </Filter>
    <Filter Include="Source Files\FunctionalWidget\Config">
      <UniqueIdentifier>{b3ff5164-08b6-48d2-8082-bec6e5f747bb}</UniqueIdentifier>
    </Filter>
    <Filter Include="Header Files\Common">
      <UniqueIdentifier>{73fefc7f-bd56-4146-8c18-d6119c1cf32c}</UniqueIdentifier>
    </Filter>
    <Filter Include="Source Files\Common">
      <UniqueIdentifier>{6f330d3d-d26c-452e-abc5-e7dae3e1e9b5}</UniqueIdentifier>
    </Filter>
    <Filter Include="Form Files\FunctionalWidget\Patient">
      <UniqueIdentifier>{1b786338-ab55-4201-845e-ff28e9aa6215}</UniqueIdentifier>
    </Filter>
    <Filter Include="Form Files\FunctionalWidget\Data">
      <UniqueIdentifier>{79f74f58-35df-46db-ba61-937346257308}</UniqueIdentifier>
    </Filter>
    <Filter Include="Form Files\FunctionalWidget\Review">
      <UniqueIdentifier>{e187b541-2c75-467d-bd1d-dc25361b44e9}</UniqueIdentifier>
    </Filter>
    <Filter Include="Header Files\FunctionalWidget\Data">
      <UniqueIdentifier>{04ff66b4-ce4c-4d18-905f-e00179293817}</UniqueIdentifier>
    </Filter>
    <Filter Include="Header Files\FunctionalWidget\Review">
      <UniqueIdentifier>{f7ef378f-76cb-4804-8f01-65b84050d9ae}</UniqueIdentifier>
    </Filter>
    <Filter Include="Source Files\FunctionalWidget\Data">
      <UniqueIdentifier>{8c05242a-e9ea-46bc-9f8a-9a9e3345184d}</UniqueIdentifier>
    </Filter>
    <Filter Include="Source Files\FunctionalWidget\Patient">
      <UniqueIdentifier>{1a33c1cc-7b5d-4b94-bbc1-25c51b29cac3}</UniqueIdentifier>
    </Filter>
    <Filter Include="Source Files\FunctionalWidget\Review">
      <UniqueIdentifier>{c558f677-c4f7-40dc-9984-07d4af3c6ca7}</UniqueIdentifier>
    </Filter>
    <Filter Include="Form Files\Common">
      <UniqueIdentifier>{3e325543-fc95-4ef3-871a-dd203ff6e215}</UniqueIdentifier>
    </Filter>
    <Filter Include="Header Files\FunctionalWidget\Patient">
      <UniqueIdentifier>{33200dd9-79b6-4e10-a5fe-e3fbf20a716b}</UniqueIdentifier>
    </Filter>
    <Filter Include="Form Files\FunctionalWidget\Message">
      <UniqueIdentifier>{3372881a-49bf-4238-a16b-8edabbb3950f}</UniqueIdentifier>
    </Filter>
    <Filter Include="Header Files\FunctionalWidget\Message">
      <UniqueIdentifier>{df747ec4-8bdc-4abf-85b4-7b7228b5057c}</UniqueIdentifier>
    </Filter>
    <Filter Include="Source Files\FunctionalWidget\Message">
      <UniqueIdentifier>{0b11fe91-b54b-45db-b4a4-dec17ab2e703}</UniqueIdentifier>
    </Filter>
    <Filter Include="Header Files\FunctionalWidget\Config\Dialog">
      <UniqueIdentifier>{1a6c014f-2a6f-4814-a56f-a48f3b080c9f}</UniqueIdentifier>
    </Filter>
    <Filter Include="Source Files\FunctionalWidget\Config\Dialog">
      <UniqueIdentifier>{7adaa15a-3c81-47d6-a9d8-f3a835196a93}</UniqueIdentifier>
    </Filter>
    <Filter Include="Header Files\FunctionalWidget\Config\ServerTab">
      <UniqueIdentifier>{d48b63c7-41cf-4efe-8858-19cd8f2c7a3a}</UniqueIdentifier>
    </Filter>
    <Filter Include="Source Files\FunctionalWidget\Config\ServerTab">
      <UniqueIdentifier>{955d5a7d-7a2c-4b15-8fef-d2c1a42d68c3}</UniqueIdentifier>
    </Filter>
  </ItemGroup>
  <ItemGroup>
    <ClCompile Include="main.cpp">
      <Filter>Source Files</Filter>
    </ClCompile>
    <ClCompile Include="GeneratedFiles\qrc_CArmWorkStation.cpp">
      <Filter>Generated Files</Filter>
    </ClCompile>
    <ClCompile Include="CArmWorkStation.cpp">
      <Filter>Source Files</Filter>
    </ClCompile>
    <ClCompile Include="GeneratedFiles\Debug\moc_SysConfigWidget.cpp">
      <Filter>Generated Files\Debug</Filter>
    </ClCompile>
    <ClCompile Include="GeneratedFiles\Release\moc_SysConfigWidget.cpp">
      <Filter>Generated Files\Release</Filter>
    </ClCompile>
    <ClCompile Include="TrackingWidget\CArmTrackingWidget.cpp">
      <Filter>Source Files\TrackingWidget</Filter>
    </ClCompile>
    <ClCompile Include="FunctionalWidget\Config\SysConfigWidget.cpp">
      <Filter>Source Files\FunctionalWidget\Config</Filter>
    </ClCompile>
    <ClCompile Include="Common\CArmStatus.cpp">
      <Filter>Source Files\Common</Filter>
    </ClCompile>
    <ClCompile Include="GeneratedFiles\Debug\moc_ExportFormatWidget.cpp">
      <Filter>Generated Files\Debug</Filter>
    </ClCompile>
    <ClCompile Include="GeneratedFiles\Release\moc_ExportFormatWidget.cpp">
      <Filter>Generated Files\Release</Filter>
    </ClCompile>
    <ClCompile Include="GeneratedFiles\Debug\moc_ImageProcessingWidget.cpp">
      <Filter>Generated Files\Debug</Filter>
    </ClCompile>
    <ClCompile Include="GeneratedFiles\Release\moc_ImageProcessingWidget.cpp">
      <Filter>Generated Files\Release</Filter>
    </ClCompile>
    <ClCompile Include="GeneratedFiles\Debug\moc_CArmFunctionalWidget.cpp">
      <Filter>Generated Files\Debug</Filter>
    </ClCompile>
    <ClCompile Include="GeneratedFiles\Release\moc_CArmFunctionalWidget.cpp">
      <Filter>Generated Files\Release</Filter>
    </ClCompile>
    <ClCompile Include="GeneratedFiles\Debug\moc_CArmLoginWidget.cpp">
      <Filter>Generated Files\Debug</Filter>
    </ClCompile>
    <ClCompile Include="GeneratedFiles\Release\moc_CArmLoginWidget.cpp">
      <Filter>Generated Files\Release</Filter>
    </ClCompile>
    <ClCompile Include="GeneratedFiles\Debug\moc_ImageThumbWidget.cpp">
      <Filter>Generated Files\Debug</Filter>
    </ClCompile>
    <ClCompile Include="GeneratedFiles\Release\moc_ImageThumbWidget.cpp">
      <Filter>Generated Files\Release</Filter>
    </ClCompile>
    <ClCompile Include="GeneratedFiles\Debug\moc_VersionWidget.cpp">
      <Filter>Generated Files\Debug</Filter>
    </ClCompile>
    <ClCompile Include="GeneratedFiles\Release\moc_VersionWidget.cpp">
      <Filter>Generated Files\Release</Filter>
    </ClCompile>
    <ClCompile Include="Common\CArmLoginWidget.cpp">
      <Filter>Source Files\Common</Filter>
    </ClCompile>
    <ClCompile Include="Common\ImageThumbWidget.cpp">
      <Filter>Source Files\Common</Filter>
    </ClCompile>
    <ClCompile Include="Common\VersionWidget.cpp">
      <Filter>Source Files\Common</Filter>
    </ClCompile>
    <ClCompile Include="FunctionalWidget\Data\ExportFormatWidget.cpp">
      <Filter>Source Files\FunctionalWidget\Data</Filter>
    </ClCompile>
    <ClCompile Include="FunctionalWidget\Review\ImageProcessingWidget.cpp">
      <Filter>Source Files\FunctionalWidget\Review</Filter>
    </ClCompile>
    <ClCompile Include="FunctionalWidget\CArmFunctionalWidget.cpp">
      <Filter>Source Files\FunctionalWidget</Filter>
    </ClCompile>
    <ClCompile Include="GeneratedFiles\Debug\moc_ReviewPageWidget.cpp">
      <Filter>Generated Files\Debug</Filter>
    </ClCompile>
    <ClCompile Include="GeneratedFiles\Release\moc_ReviewPageWidget.cpp">
      <Filter>Generated Files\Release</Filter>
    </ClCompile>
    <ClCompile Include="FunctionalWidget\Review\ReviewPageWidget.cpp">
      <Filter>Source Files\FunctionalWidget\Review</Filter>
    </ClCompile>
    <ClCompile Include="GeneratedFiles\Debug\moc_PatientPageWidget.cpp">
      <Filter>Generated Files\Debug</Filter>
    </ClCompile>
    <ClCompile Include="GeneratedFiles\Release\moc_PatientPageWidget.cpp">
      <Filter>Generated Files\Release</Filter>
    </ClCompile>
    <ClCompile Include="FunctionalWidget\Patient\PatientPageWidget.cpp">
      <Filter>Source Files\FunctionalWidget\Patient</Filter>
    </ClCompile>
    <ClCompile Include="GeneratedFiles\Debug\moc_DataPageWidget.cpp">
      <Filter>Generated Files\Debug</Filter>
    </ClCompile>
    <ClCompile Include="GeneratedFiles\Release\moc_DataPageWidget.cpp">
      <Filter>Generated Files\Release</Filter>
    </ClCompile>
    <ClCompile Include="FunctionalWidget\Data\DataPageWidget.cpp">
      <Filter>Source Files\FunctionalWidget\Data</Filter>
    </ClCompile>
    <ClCompile Include="GeneratedFiles\Debug\moc_ReviewToolWidget.cpp">
      <Filter>Generated Files\Debug</Filter>
    </ClCompile>
    <ClCompile Include="GeneratedFiles\Release\moc_ReviewToolWidget.cpp">
      <Filter>Generated Files\Release</Filter>
    </ClCompile>
    <ClCompile Include="FunctionalWidget\Review\ReviewToolWidget.cpp">
      <Filter>Source Files\FunctionalWidget\Review</Filter>
    </ClCompile>
    <ClCompile Include="FunctionalWidget\Patient\PatientToolWidget.cpp">
      <Filter>Source Files\FunctionalWidget\Patient</Filter>
    </ClCompile>
    <ClCompile Include="GeneratedFiles\Debug\moc_PatientToolWidget.cpp">
      <Filter>Generated Files\Debug</Filter>
    </ClCompile>
    <ClCompile Include="GeneratedFiles\Release\moc_PatientToolWidget.cpp">
      <Filter>Generated Files\Release</Filter>
    </ClCompile>
    <ClCompile Include="GeneratedFiles\Debug\moc_DataToolWidget.cpp">
      <Filter>Generated Files\Debug</Filter>
    </ClCompile>
    <ClCompile Include="GeneratedFiles\Release\moc_DataToolWidget.cpp">
      <Filter>Generated Files\Release</Filter>
    </ClCompile>
    <ClCompile Include="FunctionalWidget\Data\DataToolWidget.cpp">
      <Filter>Source Files\FunctionalWidget\Data</Filter>
    </ClCompile>
    <ClCompile Include="GeneratedFiles\Debug\moc_DataPage.cpp">
      <Filter>Generated Files\Debug</Filter>
    </ClCompile>
    <ClCompile Include="GeneratedFiles\Release\moc_DataPage.cpp">
      <Filter>Generated Files\Release</Filter>
    </ClCompile>
    <ClCompile Include="FunctionalWidget\Data\DataPage.cpp">
      <Filter>Source Files\FunctionalWidget\Data</Filter>
    </ClCompile>
    <ClCompile Include="FunctionalWidget\Patient\PatientPage.cpp">
      <Filter>Source Files\FunctionalWidget\Patient</Filter>
    </ClCompile>
    <ClCompile Include="GeneratedFiles\Debug\moc_PatientPage.cpp">
      <Filter>Generated Files\Debug</Filter>
    </ClCompile>
    <ClCompile Include="GeneratedFiles\Release\moc_PatientPage.cpp">
      <Filter>Generated Files\Release</Filter>
    </ClCompile>
    <ClCompile Include="GeneratedFiles\Debug\moc_ReviewPage.cpp">
      <Filter>Generated Files\Debug</Filter>
    </ClCompile>
    <ClCompile Include="GeneratedFiles\Release\moc_ReviewPage.cpp">
      <Filter>Generated Files\Release</Filter>
    </ClCompile>
    <ClCompile Include="FunctionalWidget\Review\ReviewPage.cpp">
      <Filter>Source Files\FunctionalWidget\Review</Filter>
    </ClCompile>
    <ClCompile Include="..\Common\Source\CArmDeviceComm.cpp">
      <Filter>Source Files\Common</Filter>
    </ClCompile>
    <ClCompile Include="..\Common\Source\DeivceStatusServer.cpp">
      <Filter>Source Files\Common</Filter>
    </ClCompile>
    <ClCompile Include="..\Common\Source\ScanInfoServer.cpp">
      <Filter>Source Files\Common</Filter>
    </ClCompile>
    <ClCompile Include="..\Common\Source\IPC_CMD_Def_CArm.cpp">
      <Filter>Source Files\Common</Filter>
    </ClCompile>
    <ClCompile Include="Common\CArmWorkStationProc.cpp">
      <Filter>Source Files\Common</Filter>
    </ClCompile>
    <ClCompile Include="GeneratedFiles\Debug\moc_CArmLogOutWidget.cpp">
      <Filter>Generated Files\Debug</Filter>
    </ClCompile>
    <ClCompile Include="GeneratedFiles\Release\moc_CArmLogOutWidget.cpp">
      <Filter>Generated Files\Release</Filter>
    </ClCompile>
    <ClCompile Include="Common\CArmLogOutWidget.cpp">
      <Filter>Source Files\Common</Filter>
    </ClCompile>
    <ClCompile Include="Common\CArmCMD.cpp">
      <Filter>Source Files\Common</Filter>
    </ClCompile>
    <ClCompile Include="..\Common\Source\IPCServerBin.cpp">
      <Filter>Source Files\Common</Filter>
    </ClCompile>
    <ClCompile Include="StationManager\StationCommManager.cpp">
      <Filter>Source Files\Manager</Filter>
    </ClCompile>
    <ClCompile Include="Common\WorkStationMsgCtrl.cpp">
      <Filter>Source Files\Common</Filter>
    </ClCompile>
    <ClCompile Include="FunctionalWidget\Patient\MyCalendarWidget.cpp">
      <Filter>Source Files\FunctionalWidget\Patient</Filter>
    </ClCompile>
    <ClCompile Include="GeneratedFiles\Debug\moc_MyCalendarWidget.cpp">
      <Filter>Generated Files\Debug</Filter>
    </ClCompile>
    <ClCompile Include="GeneratedFiles\Release\moc_MyCalendarWidget.cpp">
      <Filter>Generated Files\Release</Filter>
    </ClCompile>
    <ClCompile Include="TrackingWidget\TrackView.cpp">
      <Filter>Source Files\TrackingWidget</Filter>
    </ClCompile>
    <ClCompile Include="GeneratedFiles\Debug\moc_MessageDialog.cpp">
      <Filter>Generated Files\Debug</Filter>
    </ClCompile>
    <ClCompile Include="GeneratedFiles\Release\moc_MessageDialog.cpp">
      <Filter>Generated Files\Release</Filter>
    </ClCompile>
    <ClCompile Include="GeneratedFiles\Debug\moc_MessageTipDialog.cpp">
      <Filter>Generated Files\Debug</Filter>
    </ClCompile>
    <ClCompile Include="GeneratedFiles\Release\moc_MessageTipDialog.cpp">
      <Filter>Generated Files\Release</Filter>
    </ClCompile>
    <ClCompile Include="FunctionalWidget\Message\MessageDialog.cpp">
      <Filter>Source Files\FunctionalWidget\Message</Filter>
    </ClCompile>
    <ClCompile Include="FunctionalWidget\Message\MessageTipDialog.cpp">
      <Filter>Source Files\FunctionalWidget\Message</Filter>
    </ClCompile>
    <ClCompile Include="..\Common\Source\CArmCommon.cpp">
      <Filter>Source Files\Common</Filter>
    </ClCompile>
    <ClCompile Include="FunctionalWidget\Patient\PageNewPatientWidget.cpp">
      <Filter>Source Files\FunctionalWidget\Patient</Filter>
    </ClCompile>
    <ClCompile Include="GeneratedFiles\Debug\moc_PageNewPatientWidget.cpp">
      <Filter>Generated Files\Debug</Filter>
    </ClCompile>
    <ClCompile Include="GeneratedFiles\Release\moc_PageNewPatientWidget.cpp">
      <Filter>Generated Files\Release</Filter>
    </ClCompile>
    <ClCompile Include="GeneratedFiles\Debug\moc_PageScheduledWidget.cpp">
      <Filter>Generated Files\Debug</Filter>
    </ClCompile>
    <ClCompile Include="GeneratedFiles\Release\moc_PageScheduledWidget.cpp">
      <Filter>Generated Files\Release</Filter>
    </ClCompile>
    <ClCompile Include="FunctionalWidget\Patient\PageScheduledWidget.cpp">
      <Filter>Source Files\FunctionalWidget\Patient</Filter>
    </ClCompile>
    <ClCompile Include="..\Common\Source\CArmAnnotation.cpp">
      <Filter>Source Files\Common</Filter>
    </ClCompile>
    <ClCompile Include="GeneratedFiles\Debug\moc_RotateDialog.cpp">
      <Filter>Generated Files\Debug</Filter>
    </ClCompile>
    <ClCompile Include="GeneratedFiles\Release\moc_RotateDialog.cpp">
      <Filter>Generated Files\Release</Filter>
    </ClCompile>
    <ClCompile Include="FunctionalWidget\Review\RotateDialog.cpp">
      <Filter>Source Files\FunctionalWidget\Review</Filter>
    </ClCompile>
    <ClCompile Include="Common\CArmScanCtrl.cpp">
      <Filter>Source Files\Common</Filter>
    </ClCompile>
    <ClCompile Include="FunctionalWidget\Patient\PageCompletedWidget.cpp">
      <Filter>Source Files\FunctionalWidget\Patient</Filter>
    </ClCompile>
    <ClCompile Include="GeneratedFiles\Debug\moc_PageCompletedWidget.cpp">
      <Filter>Generated Files\Debug</Filter>
    </ClCompile>
    <ClCompile Include="GeneratedFiles\Release\moc_PageCompletedWidget.cpp">
      <Filter>Generated Files\Release</Filter>
    </ClCompile>
    <ClCompile Include="FunctionalWidget\Review\FunctionalView.cpp">
      <Filter>Source Files\FunctionalWidget\Review</Filter>
    </ClCompile>
    <ClCompile Include="Common\TouchPanelComm.cpp">
      <Filter>Source Files\Common</Filter>
    </ClCompile>
    <ClCompile Include="FunctionalWidget\Review\ReviewTool.cpp">
      <Filter>Source Files\FunctionalWidget\Review</Filter>
    </ClCompile>
    <ClCompile Include="FunctionalWidget\Review\DrawOperationTool.cpp">
      <Filter>Source Files\FunctionalWidget\Review</Filter>
    </ClCompile>
    <ClCompile Include="GeneratedFiles\Debug\moc_CArmDragButton.cpp">
      <Filter>Generated Files\Debug</Filter>
    </ClCompile>
    <ClCompile Include="GeneratedFiles\Release\moc_CArmDragButton.cpp">
      <Filter>Generated Files\Release</Filter>
    </ClCompile>
    <ClCompile Include="FunctionalWidget\Review\CArmDragButton.cpp">
      <Filter>Source Files\FunctionalWidget\Review</Filter>
    </ClCompile>
    <ClCompile Include="FunctionalWidget\Review\TextOperationTool.cpp">
      <Filter>Source Files\FunctionalWidget\Review</Filter>
    </ClCompile>
    <ClCompile Include="FunctionalWidget\Review\DirectTextTool.cpp">
      <Filter>Source Files\FunctionalWidget\Review</Filter>
    </ClCompile>
    <ClCompile Include="GeneratedFiles\Debug\moc_DirTxOperationTool.cpp">
      <Filter>Generated Files\Debug</Filter>
    </ClCompile>
    <ClCompile Include="GeneratedFiles\Release\moc_DirTxOperationTool.cpp">
      <Filter>Generated Files\Release</Filter>
    </ClCompile>
    <ClCompile Include="FunctionalWidget\Review\DirTxOperationTool.cpp">
      <Filter>Source Files\FunctionalWidget\Review</Filter>
    </ClCompile>
    <ClCompile Include="FunctionalWidget\Review\ReviewOperationTool.cpp">
      <Filter>Source Files\FunctionalWidget\Review</Filter>
    </ClCompile>
    <ClCompile Include="FunctionalWidget\Review\ArrowDT.cpp">
      <Filter>Source Files\FunctionalWidget\Review</Filter>
    </ClCompile>
    <ClCompile Include="GeneratedFiles\Debug\moc_ArrowDT.cpp">
      <Filter>Generated Files\Debug</Filter>
    </ClCompile>
    <ClCompile Include="GeneratedFiles\Release\moc_ArrowDT.cpp">
      <Filter>Generated Files\Release</Filter>
    </ClCompile>
    <ClCompile Include="GeneratedFiles\Debug\moc_CommentTextDT.cpp">
      <Filter>Generated Files\Debug</Filter>
    </ClCompile>
    <ClCompile Include="GeneratedFiles\Release\moc_CommentTextDT.cpp">
      <Filter>Generated Files\Release</Filter>
    </ClCompile>
    <ClCompile Include="FunctionalWidget\Review\CommentTextDT.cpp">
      <Filter>Source Files\FunctionalWidget\Review</Filter>
    </ClCompile>
    <ClCompile Include="GeneratedFiles\Debug\moc_DirectTextTool.cpp">
      <Filter>Generated Files\Debug</Filter>
    </ClCompile>
    <ClCompile Include="GeneratedFiles\Release\moc_DirectTextTool.cpp">
      <Filter>Generated Files\Release</Filter>
    </ClCompile>
    <ClCompile Include="FunctionalWidget\Config\qnavigationwidget.cpp">
      <Filter>Source Files\FunctionalWidget\Config</Filter>
    </ClCompile>
    <ClCompile Include="GeneratedFiles\Debug\moc_qnavigationwidget.cpp">
      <Filter>Generated Files\Debug</Filter>
    </ClCompile>
    <ClCompile Include="GeneratedFiles\Release\moc_qnavigationwidget.cpp">
      <Filter>Generated Files\Release</Filter>
    </ClCompile>
    <ClCompile Include="GeneratedFiles\Debug\moc_configdataprovider.cpp">
      <Filter>Generated Files\Debug</Filter>
    </ClCompile>
    <ClCompile Include="GeneratedFiles\Release\moc_configdataprovider.cpp">
      <Filter>Generated Files\Release</Filter>
    </ClCompile>
    <ClCompile Include="FunctionalWidget\Config\configdataprovider.cpp">
      <Filter>Source Files\FunctionalWidget\Config</Filter>
    </ClCompile>
    <ClCompile Include="GeneratedFiles\Debug\moc_qconfigpage.cpp">
      <Filter>Generated Files\Debug</Filter>
    </ClCompile>
    <ClCompile Include="GeneratedFiles\Release\moc_qconfigpage.cpp">
      <Filter>Generated Files\Release</Filter>
    </ClCompile>
    <ClCompile Include="FunctionalWidget\Config\qconfigpage.cpp">
      <Filter>Source Files\FunctionalWidget\Config</Filter>
    </ClCompile>
    <ClCompile Include="..\Common\Source\CArmVT.cpp">
      <Filter>Source Files\Common</Filter>
    </ClCompile>
    <ClCompile Include="..\Common\Source\CArmBaseView.cpp">
      <Filter>Source Files\Common</Filter>
    </ClCompile>
    <ClCompile Include="GeneratedFiles\Debug\moc_CArmPage.cpp">
      <Filter>Generated Files\Debug</Filter>
    </ClCompile>
    <ClCompile Include="GeneratedFiles\Release\moc_CArmPage.cpp">
      <Filter>Generated Files\Release</Filter>
    </ClCompile>
    <ClCompile Include="Common\CArmPage.cpp">
      <Filter>Source Files\Common</Filter>
    </ClCompile>
    <ClCompile Include="Common\CArmWorkStationCommon.cpp">
      <Filter>Source Files\Common</Filter>
    </ClCompile>
    <ClCompile Include="Common\CArmPrinter.cpp">
      <Filter>Source Files\Common</Filter>
    </ClCompile>
    <ClCompile Include="GeneratedFiles\Debug\moc_QConfigPageAbstract.cpp">
      <Filter>Generated Files\Debug</Filter>
    </ClCompile>
    <ClCompile Include="GeneratedFiles\Release\moc_QConfigPageAbstract.cpp">
      <Filter>Generated Files\Release</Filter>
    </ClCompile>
    <ClCompile Include="FunctionalWidget\Config\QConfigPageAbstract.cpp">
      <Filter>Source Files\FunctionalWidget\Config</Filter>
    </ClCompile>
    <ClCompile Include="FunctionalWidget\Config\QCfgSysInfoPage.cpp">
      <Filter>Source Files\FunctionalWidget\Config</Filter>
    </ClCompile>
    <ClCompile Include="GeneratedFiles\Debug\moc_QCfgSysInfoPage.cpp">
      <Filter>Generated Files\Debug</Filter>
    </ClCompile>
    <ClCompile Include="GeneratedFiles\Release\moc_QCfgSysInfoPage.cpp">
      <Filter>Generated Files\Release</Filter>
    </ClCompile>
    <ClCompile Include="GeneratedFiles\Debug\moc_QCfgImgSamPage.cpp">
      <Filter>Generated Files\Debug</Filter>
    </ClCompile>
    <ClCompile Include="GeneratedFiles\Release\moc_QCfgImgSamPage.cpp">
      <Filter>Generated Files\Release</Filter>
    </ClCompile>
    <ClCompile Include="GeneratedFiles\Debug\moc_QCfgPatientInfoPage.cpp">
      <Filter>Generated Files\Debug</Filter>
    </ClCompile>
    <ClCompile Include="GeneratedFiles\Release\moc_QCfgPatientInfoPage.cpp">
      <Filter>Generated Files\Release</Filter>
    </ClCompile>
    <ClCompile Include="GeneratedFiles\Debug\moc_QCfgTimeZonePage.cpp">
      <Filter>Generated Files\Debug</Filter>
    </ClCompile>
    <ClCompile Include="GeneratedFiles\Release\moc_QCfgTimeZonePage.cpp">
      <Filter>Generated Files\Release</Filter>
    </ClCompile>
    <ClCompile Include="FunctionalWidget\Config\QCfgImgSamPage.cpp">
      <Filter>Source Files\FunctionalWidget\Config</Filter>
    </ClCompile>
    <ClCompile Include="FunctionalWidget\Config\QCfgPatientInfoPage.cpp">
      <Filter>Source Files\FunctionalWidget\Config</Filter>
    </ClCompile>
    <ClCompile Include="FunctionalWidget\Config\QCfgTimeZonePage.cpp">
      <Filter>Source Files\FunctionalWidget\Config</Filter>
    </ClCompile>
    <ClCompile Include="GeneratedFiles\Debug\moc_QCfgCArmSysPage.cpp">
      <Filter>Generated Files\Debug</Filter>
    </ClCompile>
    <ClCompile Include="GeneratedFiles\Release\moc_QCfgCArmSysPage.cpp">
      <Filter>Generated Files\Release</Filter>
    </ClCompile>
    <ClCompile Include="FunctionalWidget\Config\QCfgCArmSysPage.cpp">
      <Filter>Source Files\FunctionalWidget\Config</Filter>
    </ClCompile>
    <ClCompile Include="GeneratedFiles\Debug\moc_QCfgScanPage.cpp">
      <Filter>Generated Files\Debug</Filter>
    </ClCompile>
    <ClCompile Include="GeneratedFiles\Release\moc_QCfgScanPage.cpp">
      <Filter>Generated Files\Release</Filter>
    </ClCompile>
    <ClCompile Include="FunctionalWidget\Config\QCfgScanPage.cpp">
      <Filter>Source Files\FunctionalWidget\Config</Filter>
    </ClCompile>
    <ClCompile Include="GeneratedFiles\Debug\moc_QCfgAdjustWindowsPage.cpp">
      <Filter>Generated Files\Debug</Filter>
    </ClCompile>
    <ClCompile Include="GeneratedFiles\Release\moc_QCfgAdjustWindowsPage.cpp">
      <Filter>Generated Files\Release</Filter>
    </ClCompile>
    <ClCompile Include="GeneratedFiles\Debug\moc_QCfgDicomPrintPage.cpp">
      <Filter>Generated Files\Debug</Filter>
    </ClCompile>
    <ClCompile Include="GeneratedFiles\Release\moc_QCfgDicomPrintPage.cpp">
      <Filter>Generated Files\Release</Filter>
    </ClCompile>
    <ClCompile Include="GeneratedFiles\Debug\moc_QCfgFactoryResetPage.cpp">
      <Filter>Generated Files\Debug</Filter>
    </ClCompile>
    <ClCompile Include="GeneratedFiles\Release\moc_QCfgFactoryResetPage.cpp">
      <Filter>Generated Files\Release</Filter>
    </ClCompile>
    <ClCompile Include="GeneratedFiles\Debug\moc_QCfgGArmOprationPage.cpp">
      <Filter>Generated Files\Debug</Filter>
    </ClCompile>
    <ClCompile Include="GeneratedFiles\Release\moc_QCfgGArmOprationPage.cpp">
      <Filter>Generated Files\Release</Filter>
    </ClCompile>
    <ClCompile Include="GeneratedFiles\Debug\moc_QCfgLogWatchPage.cpp">
      <Filter>Generated Files\Debug</Filter>
    </ClCompile>
    <ClCompile Include="GeneratedFiles\Release\moc_QCfgLogWatchPage.cpp">
      <Filter>Generated Files\Release</Filter>
    </ClCompile>
    <ClCompile Include="GeneratedFiles\Debug\moc_QCfgMppsServicePage.cpp">
      <Filter>Generated Files\Debug</Filter>
    </ClCompile>
    <ClCompile Include="GeneratedFiles\Release\moc_QCfgMppsServicePage.cpp">
      <Filter>Generated Files\Release</Filter>
    </ClCompile>
    <ClCompile Include="GeneratedFiles\Debug\moc_QCfgNetAndDicomPage.cpp">
      <Filter>Generated Files\Debug</Filter>
    </ClCompile>
    <ClCompile Include="GeneratedFiles\Release\moc_QCfgNetAndDicomPage.cpp">
      <Filter>Generated Files\Release</Filter>
    </ClCompile>
    <ClCompile Include="GeneratedFiles\Debug\moc_QCfgPadDetectorPage.cpp">
      <Filter>Generated Files\Debug</Filter>
    </ClCompile>
    <ClCompile Include="GeneratedFiles\Release\moc_QCfgPadDetectorPage.cpp">
      <Filter>Generated Files\Release</Filter>
    </ClCompile>
    <ClCompile Include="GeneratedFiles\Debug\moc_QCfgQueryAndRetrievePage.cpp">
      <Filter>Generated Files\Debug</Filter>
    </ClCompile>
    <ClCompile Include="GeneratedFiles\Release\moc_QCfgQueryAndRetrievePage.cpp">
      <Filter>Generated Files\Release</Filter>
    </ClCompile>
    <ClCompile Include="GeneratedFiles\Debug\moc_QCfgSafeSetPage.cpp">
      <Filter>Generated Files\Debug</Filter>
    </ClCompile>
    <ClCompile Include="GeneratedFiles\Release\moc_QCfgSafeSetPage.cpp">
      <Filter>Generated Files\Release</Filter>
    </ClCompile>
    <ClCompile Include="GeneratedFiles\Debug\moc_QCfgStorageServicePage.cpp">
      <Filter>Generated Files\Debug</Filter>
    </ClCompile>
    <ClCompile Include="GeneratedFiles\Release\moc_QCfgStorageServicePage.cpp">
      <Filter>Generated Files\Release</Filter>
    </ClCompile>
    <ClCompile Include="GeneratedFiles\Debug\moc_QCfgSysMaintenancePage.cpp">
      <Filter>Generated Files\Debug</Filter>
    </ClCompile>
    <ClCompile Include="GeneratedFiles\Release\moc_QCfgSysMaintenancePage.cpp">
      <Filter>Generated Files\Release</Filter>
    </ClCompile>
    <ClCompile Include="GeneratedFiles\Debug\moc_QCfgWorklistPage.cpp">
      <Filter>Generated Files\Debug</Filter>
    </ClCompile>
    <ClCompile Include="GeneratedFiles\Release\moc_QCfgWorklistPage.cpp">
      <Filter>Generated Files\Release</Filter>
    </ClCompile>
    <ClCompile Include="FunctionalWidget\Config\QCfgAdjustWindowsPage.cpp">
      <Filter>Source Files\FunctionalWidget\Config</Filter>
    </ClCompile>
    <ClCompile Include="FunctionalWidget\Config\QCfgDicomPrintPage.cpp">
      <Filter>Source Files\FunctionalWidget\Config</Filter>
    </ClCompile>
    <ClCompile Include="FunctionalWidget\Config\QCfgFactoryResetPage.cpp">
      <Filter>Source Files\FunctionalWidget\Config</Filter>
    </ClCompile>
    <ClCompile Include="FunctionalWidget\Config\QCfgGArmOprationPage.cpp">
      <Filter>Source Files\FunctionalWidget\Config</Filter>
    </ClCompile>
    <ClCompile Include="FunctionalWidget\Config\QCfgLogWatchPage.cpp">
      <Filter>Source Files\FunctionalWidget\Config</Filter>
    </ClCompile>
    <ClCompile Include="FunctionalWidget\Config\QCfgMppsServicePage.cpp">
      <Filter>Source Files\FunctionalWidget\Config</Filter>
    </ClCompile>
    <ClCompile Include="FunctionalWidget\Config\QCfgNetAndDicomPage.cpp">
      <Filter>Source Files\FunctionalWidget\Config</Filter>
    </ClCompile>
    <ClCompile Include="FunctionalWidget\Config\QCfgPadDetectorPage.cpp">
      <Filter>Source Files\FunctionalWidget\Config</Filter>
    </ClCompile>
    <ClCompile Include="FunctionalWidget\Config\QCfgQueryAndRetrievePage.cpp">
      <Filter>Source Files\FunctionalWidget\Config</Filter>
    </ClCompile>
    <ClCompile Include="FunctionalWidget\Config\QCfgSafeSetPage.cpp">
      <Filter>Source Files\FunctionalWidget\Config</Filter>
    </ClCompile>
    <ClCompile Include="FunctionalWidget\Config\QCfgStorageServicePage.cpp">
      <Filter>Source Files\FunctionalWidget\Config</Filter>
    </ClCompile>
    <ClCompile Include="FunctionalWidget\Config\QCfgSysMaintenancePage.cpp">
      <Filter>Source Files\FunctionalWidget\Config</Filter>
    </ClCompile>
    <ClCompile Include="FunctionalWidget\Config\QCfgWorklistPage.cpp">
      <Filter>Source Files\FunctionalWidget\Config</Filter>
    </ClCompile>
    <ClCompile Include="GeneratedFiles\Debug\moc_StationCommManager.cpp">
      <Filter>Generated Files\Debug</Filter>
    </ClCompile>
    <ClCompile Include="GeneratedFiles\Release\moc_StationCommManager.cpp">
      <Filter>Generated Files\Release</Filter>
    </ClCompile>
    <ClCompile Include="GeneratedFiles\Debug\moc_CArmBothwaySlider.cpp">
      <Filter>Generated Files\Debug</Filter>
    </ClCompile>
    <ClCompile Include="GeneratedFiles\Release\moc_CArmBothwaySlider.cpp">
      <Filter>Generated Files\Release</Filter>
    </ClCompile>
    <ClCompile Include="FunctionalWidget\Review\CArmBothwaySlider.cpp">
      <Filter>Source Files\FunctionalWidget\Review</Filter>
    </ClCompile>
    <ClCompile Include="GeneratedFiles\Debug\moc_CArmTrackingWidget.cpp">
      <Filter>Generated Files\Debug</Filter>
    </ClCompile>
    <ClCompile Include="GeneratedFiles\Release\moc_CArmTrackingWidget.cpp">
      <Filter>Generated Files\Release</Filter>
    </ClCompile>
    <ClCompile Include="FunctionalWidget\Review\LineDT.cpp">
      <Filter>Source Files\FunctionalWidget\Review</Filter>
    </ClCompile>
    <ClCompile Include="GeneratedFiles\Debug\moc_LineDT.cpp">
      <Filter>Generated Files\Debug</Filter>
    </ClCompile>
    <ClCompile Include="GeneratedFiles\Release\moc_LineDT.cpp">
      <Filter>Generated Files\Release</Filter>
    </ClCompile>
    <ClCompile Include="GeneratedFiles\Debug\moc_AngleDT.cpp">
      <Filter>Generated Files\Debug</Filter>
    </ClCompile>
    <ClCompile Include="GeneratedFiles\Release\moc_AngleDT.cpp">
      <Filter>Generated Files\Release</Filter>
    </ClCompile>
    <ClCompile Include="FunctionalWidget\Review\AngleDT.cpp">
      <Filter>Source Files\FunctionalWidget\Review</Filter>
    </ClCompile>
    <ClCompile Include="FunctionalWidget\Config\QNavigationView.cpp">
      <Filter>Source Files\FunctionalWidget\Config</Filter>
    </ClCompile>
    <ClCompile Include="FunctionalWidget\Config\QScanModeView.cpp">
      <Filter>Source Files\FunctionalWidget\Config</Filter>
    </ClCompile>
    <ClCompile Include="FunctionalWidget\Config\QScanOrganView.cpp">
      <Filter>Source Files\FunctionalWidget\Config</Filter>
    </ClCompile>
    <ClCompile Include="GeneratedFiles\Debug\moc_QNavigationView.cpp">
      <Filter>Generated Files\Debug</Filter>
    </ClCompile>
    <ClCompile Include="GeneratedFiles\Release\moc_QNavigationView.cpp">
      <Filter>Generated Files\Release</Filter>
    </ClCompile>
    <ClCompile Include="GeneratedFiles\Debug\moc_QScanModeView.cpp">
      <Filter>Generated Files\Debug</Filter>
    </ClCompile>
    <ClCompile Include="GeneratedFiles\Release\moc_QScanModeView.cpp">
      <Filter>Generated Files\Release</Filter>
    </ClCompile>
    <ClCompile Include="GeneratedFiles\Debug\moc_QScanOrganView.cpp">
      <Filter>Generated Files\Debug</Filter>
    </ClCompile>
    <ClCompile Include="GeneratedFiles\Release\moc_QScanOrganView.cpp">
      <Filter>Generated Files\Debug</Filter>
    </ClCompile>
    <ClCompile Include="FunctionalWidget\Review\CalibDT.cpp">
      <Filter>Source Files\FunctionalWidget\Review</Filter>
    </ClCompile>
    <ClCompile Include="GeneratedFiles\Debug\moc_CalibDT.cpp">
      <Filter>Generated Files\Debug</Filter>
    </ClCompile>
    <ClCompile Include="GeneratedFiles\Release\moc_CalibDT.cpp">
      <Filter>Generated Files\Release</Filter>
    </ClCompile>
    <ClCompile Include="GeneratedFiles\Debug\moc_CustomQLabel.cpp">
      <Filter>Generated Files\Debug</Filter>
    </ClCompile>
    <ClCompile Include="GeneratedFiles\Release\moc_CustomQLabel.cpp">
      <Filter>Generated Files\Release</Filter>
    </ClCompile>
    <ClCompile Include="FunctionalWidget\Data\CustomQLabel.cpp">
      <Filter>Source Files\FunctionalWidget\Data</Filter>
    </ClCompile>
    <ClCompile Include="FunctionalWidget\Data\PreviewWidget.cpp">
      <Filter>Source Files\FunctionalWidget\Data</Filter>
    </ClCompile>
    <ClCompile Include="GeneratedFiles\Debug\moc_PreviewWidget.cpp">
      <Filter>Generated Files\Debug</Filter>
    </ClCompile>
    <ClCompile Include="GeneratedFiles\Release\moc_PreviewWidget.cpp">
      <Filter>Generated Files\Release</Filter>
    </ClCompile>
    <ClCompile Include="GeneratedFiles\Debug\moc_Dialog.cpp">
      <Filter>Generated Files\Debug</Filter>
    </ClCompile>
    <ClCompile Include="GeneratedFiles\Release\moc_Dialog.cpp">
      <Filter>Generated Files\Release</Filter>
    </ClCompile>
    <ClCompile Include="GeneratedFiles\Debug\moc_QConnecting.cpp">
      <Filter>Generated Files\Debug</Filter>
    </ClCompile>
    <ClCompile Include="GeneratedFiles\Release\moc_QConnecting.cpp">
      <Filter>Generated Files\Release</Filter>
    </ClCompile>
    <ClCompile Include="GeneratedFiles\Debug\moc_QConnectTestDialog.cpp">
      <Filter>Generated Files\Debug</Filter>
    </ClCompile>
    <ClCompile Include="GeneratedFiles\Release\moc_QConnectTestDialog.cpp">
      <Filter>Generated Files\Release</Filter>
    </ClCompile>
    <ClCompile Include="GeneratedFiles\Debug\moc_QDicomAddDialog.cpp">
      <Filter>Generated Files\Debug</Filter>
    </ClCompile>
    <ClCompile Include="GeneratedFiles\Release\moc_QDicomAddDialog.cpp">
      <Filter>Generated Files\Release</Filter>
    </ClCompile>
    <ClCompile Include="GeneratedFiles\Debug\moc_QMppsAddDialog.cpp">
      <Filter>Generated Files\Debug</Filter>
    </ClCompile>
    <ClCompile Include="GeneratedFiles\Release\moc_QMppsAddDialog.cpp">
      <Filter>Generated Files\Release</Filter>
    </ClCompile>
    <ClCompile Include="GeneratedFiles\Debug\moc_QQueryRetrieveAddDialog.cpp">
      <Filter>Generated Files\Debug</Filter>
    </ClCompile>
    <ClCompile Include="GeneratedFiles\Release\moc_QQueryRetrieveAddDialog.cpp">
      <Filter>Generated Files\Release</Filter>
    </ClCompile>
    <ClCompile Include="GeneratedFiles\Debug\moc_QStorageServiceAddDialog.cpp">
      <Filter>Generated Files\Debug</Filter>
    </ClCompile>
    <ClCompile Include="GeneratedFiles\Release\moc_QStorageServiceAddDialog.cpp">
      <Filter>Generated Files\Release</Filter>
    </ClCompile>
    <ClCompile Include="GeneratedFiles\Debug\moc_QWorkListAddDialog.cpp">
      <Filter>Generated Files\Debug</Filter>
    </ClCompile>
    <ClCompile Include="GeneratedFiles\Release\moc_QWorkListAddDialog.cpp">
      <Filter>Generated Files\Release</Filter>
    </ClCompile>
    <ClCompile Include="FunctionalWidget\Config\Dialog.cpp">
      <Filter>Source Files\FunctionalWidget\Config\Dialog</Filter>
    </ClCompile>
    <ClCompile Include="FunctionalWidget\Config\QConnecting.cpp">
      <Filter>Source Files\FunctionalWidget\Config\Dialog</Filter>
    </ClCompile>
    <ClCompile Include="FunctionalWidget\Config\QConnectTestDialog.cpp">
      <Filter>Source Files\FunctionalWidget\Config\Dialog</Filter>
    </ClCompile>
    <ClCompile Include="FunctionalWidget\Config\QDicomAddDialog.cpp">
      <Filter>Source Files\FunctionalWidget\Config\Dialog</Filter>
    </ClCompile>
    <ClCompile Include="FunctionalWidget\Config\QMppsAddDialog.cpp">
      <Filter>Source Files\FunctionalWidget\Config\Dialog</Filter>
    </ClCompile>
    <ClCompile Include="FunctionalWidget\Config\QQueryRetrieveAddDialog.cpp">
      <Filter>Source Files\FunctionalWidget\Config\Dialog</Filter>
    </ClCompile>
    <ClCompile Include="FunctionalWidget\Config\QStorageServiceAddDialog.cpp">
      <Filter>Source Files\FunctionalWidget\Config\Dialog</Filter>
    </ClCompile>
    <ClCompile Include="FunctionalWidget\Config\QWorkListAddDialog.cpp">
      <Filter>Source Files\FunctionalWidget\Config\Dialog</Filter>
    </ClCompile>
    <ClCompile Include="GeneratedFiles\Debug\moc_QDialogAbstract.cpp">
      <Filter>Generated Files\Debug</Filter>
    </ClCompile>
    <ClCompile Include="GeneratedFiles\Release\moc_QDialogAbstract.cpp">
      <Filter>Generated Files\Release</Filter>
    </ClCompile>
    <ClCompile Include="FunctionalWidget\Config\QDialogAbstract.cpp">
      <Filter>Source Files\FunctionalWidget\Config\Dialog</Filter>
    </ClCompile>
    <ClCompile Include="..\Common\Source\CArmDT.cpp">
      <Filter>Source Files\Common</Filter>
    </ClCompile>
    <ClCompile Include="GeneratedFiles\Debug\moc_QDicomPrintTab.cpp">
      <Filter>Generated Files\Debug</Filter>
    </ClCompile>
    <ClCompile Include="GeneratedFiles\Release\moc_QDicomPrintTab.cpp">
      <Filter>Generated Files\Release</Filter>
    </ClCompile>
    <ClCompile Include="GeneratedFiles\Debug\moc_QDiconPrintEditDialog.cpp">
      <Filter>Generated Files\Debug</Filter>
    </ClCompile>
    <ClCompile Include="GeneratedFiles\Release\moc_QDiconPrintEditDialog.cpp">
      <Filter>Generated Files\Release</Filter>
    </ClCompile>
    <ClCompile Include="GeneratedFiles\Debug\moc_QMppsEditDialog.cpp">
      <Filter>Generated Files\Debug</Filter>
    </ClCompile>
    <ClCompile Include="GeneratedFiles\Release\moc_QMppsEditDialog.cpp">
      <Filter>Generated Files\Release</Filter>
    </ClCompile>
    <ClCompile Include="GeneratedFiles\Debug\moc_QMppsTab.cpp">
      <Filter>Generated Files\Debug</Filter>
    </ClCompile>
    <ClCompile Include="GeneratedFiles\Release\moc_QMppsTab.cpp">
      <Filter>Generated Files\Release</Filter>
    </ClCompile>
    <ClCompile Include="GeneratedFiles\Debug\moc_QQeryRetrieveTab.cpp">
      <Filter>Generated Files\Debug</Filter>
    </ClCompile>
    <ClCompile Include="GeneratedFiles\Release\moc_QQeryRetrieveTab.cpp">
      <Filter>Generated Files\Release</Filter>
    </ClCompile>
    <ClCompile Include="GeneratedFiles\Debug\moc_QQREditDialog.cpp">
      <Filter>Generated Files\Debug</Filter>
    </ClCompile>
    <ClCompile Include="GeneratedFiles\Release\moc_QQREditDialog.cpp">
      <Filter>Generated Files\Release</Filter>
    </ClCompile>
    <ClCompile Include="GeneratedFiles\Debug\moc_QServerTab.cpp">
      <Filter>Generated Files\Debug</Filter>
    </ClCompile>
    <ClCompile Include="GeneratedFiles\Release\moc_QServerTab.cpp">
      <Filter>Generated Files\Release</Filter>
    </ClCompile>
    <ClCompile Include="GeneratedFiles\Debug\moc_QStorageEditDialog.cpp">
      <Filter>Generated Files\Debug</Filter>
    </ClCompile>
    <ClCompile Include="GeneratedFiles\Release\moc_QStorageEditDialog.cpp">
      <Filter>Generated Files\Release</Filter>
    </ClCompile>
    <ClCompile Include="GeneratedFiles\Debug\moc_QStorageTab.cpp">
      <Filter>Generated Files\Debug</Filter>
    </ClCompile>
    <ClCompile Include="GeneratedFiles\Release\moc_QStorageTab.cpp">
      <Filter>Generated Files\Release</Filter>
    </ClCompile>
    <ClCompile Include="GeneratedFiles\Debug\moc_QWorkListEditDialog.cpp">
      <Filter>Generated Files\Debug</Filter>
    </ClCompile>
    <ClCompile Include="GeneratedFiles\Release\moc_QWorkListEditDialog.cpp">
      <Filter>Generated Files\Release</Filter>
    </ClCompile>
    <ClCompile Include="GeneratedFiles\Debug\moc_QWorListTab.cpp">
      <Filter>Generated Files\Debug</Filter>
    </ClCompile>
    <ClCompile Include="GeneratedFiles\Release\moc_QWorListTab.cpp">
      <Filter>Generated Files\Release</Filter>
    </ClCompile>
    <ClCompile Include="FunctionalWidget\Config\QDicomPrintTab.cpp">
      <Filter>Source Files\FunctionalWidget\Config\ServerTab</Filter>
    </ClCompile>
    <ClCompile Include="FunctionalWidget\Config\QMppsTab.cpp">
      <Filter>Source Files\FunctionalWidget\Config\ServerTab</Filter>
    </ClCompile>
    <ClCompile Include="FunctionalWidget\Config\QQeryRetrieveTab.cpp">
      <Filter>Source Files\FunctionalWidget\Config\ServerTab</Filter>
    </ClCompile>
    <ClCompile Include="FunctionalWidget\Config\QServerTab.cpp">
      <Filter>Source Files\FunctionalWidget\Config\ServerTab</Filter>
    </ClCompile>
    <ClCompile Include="FunctionalWidget\Config\QStorageTab.cpp">
      <Filter>Source Files\FunctionalWidget\Config\ServerTab</Filter>
    </ClCompile>
    <ClCompile Include="FunctionalWidget\Config\QWorListTab.cpp">
      <Filter>Source Files\FunctionalWidget\Config\ServerTab</Filter>
    </ClCompile>
    <ClCompile Include="FunctionalWidget\Config\QDiconPrintEditDialog.cpp">
      <Filter>Source Files\FunctionalWidget\Config\Dialog</Filter>
    </ClCompile>
    <ClCompile Include="FunctionalWidget\Config\QMppsEditDialog.cpp">
      <Filter>Source Files\FunctionalWidget\Config\Dialog</Filter>
    </ClCompile>
    <ClCompile Include="FunctionalWidget\Config\QQREditDialog.cpp">
      <Filter>Source Files\FunctionalWidget\Config\Dialog</Filter>
    </ClCompile>
    <ClCompile Include="FunctionalWidget\Config\QStorageEditDialog.cpp">
      <Filter>Source Files\FunctionalWidget\Config\Dialog</Filter>
    </ClCompile>
    <ClCompile Include="FunctionalWidget\Config\QWorkListEditDialog.cpp">
      <Filter>Source Files\FunctionalWidget\Config\Dialog</Filter>
    </ClCompile>
    <ClCompile Include="GeneratedFiles\Debug\moc_QCfgRolePage.cpp">
      <Filter>Generated Files\Debug</Filter>
    </ClCompile>
    <ClCompile Include="GeneratedFiles\Release\moc_QCfgRolePage.cpp">
      <Filter>Generated Files\Release</Filter>
    </ClCompile>
    <ClCompile Include="GeneratedFiles\Debug\moc_QCfgUserPage.cpp">
      <Filter>Generated Files\Debug</Filter>
    </ClCompile>
    <ClCompile Include="GeneratedFiles\Release\moc_QCfgUserPage.cpp">
      <Filter>Generated Files\Release</Filter>
    </ClCompile>
    <ClCompile Include="FunctionalWidget\Config\QCfgRolePage.cpp">
      <Filter>Source Files\FunctionalWidget\Config</Filter>
    </ClCompile>
    <ClCompile Include="FunctionalWidget\Config\QCfgUserPage.cpp">
      <Filter>Source Files\FunctionalWidget\Config</Filter>
    </ClCompile>
    <ClCompile Include="GeneratedFiles\Debug\moc_UserAddDialog.cpp">
      <Filter>Generated Files\Debug</Filter>
    </ClCompile>
    <ClCompile Include="GeneratedFiles\Release\moc_UserAddDialog.cpp">
      <Filter>Generated Files\Release</Filter>
    </ClCompile>
    <ClCompile Include="FunctionalWidget\Config\UserAddDialog.cpp">
      <Filter>Source Files\FunctionalWidget\Config\Dialog</Filter>
    </ClCompile>
    <ClCompile Include="FunctionalWidget\Config\QCfgUserManagerPage.cpp">
      <Filter>Source Files\FunctionalWidget\Config</Filter>
    </ClCompile>
    <ClCompile Include="GeneratedFiles\Debug\moc_QCfgUserManagerPage.cpp">
      <Filter>Generated Files\Debug</Filter>
    </ClCompile>
    <ClCompile Include="GeneratedFiles\Release\moc_QCfgUserManagerPage.cpp">
      <Filter>Generated Files\Release</Filter>
    </ClCompile>
  </ItemGroup>
  <ItemGroup>
    <CustomBuild Include="CArmWorkStation.qrc">
      <Filter>Resource Files</Filter>
    </CustomBuild>
    <CustomBuild Include="CArmWorkStation.h">
      <Filter>Header Files</Filter>
    </CustomBuild>
    <CustomBuild Include="FunctionalWidget\Config\DPrinterCreateWidget.ui">
      <Filter>Form Files\FunctionalWidget\Config</Filter>
    </CustomBuild>
    <CustomBuild Include="FunctionalWidget\Config\MppsCreateWidget.ui">
      <Filter>Form Files\FunctionalWidget\Config</Filter>
    </CustomBuild>
    <CustomBuild Include="FunctionalWidget\Config\NetworkConfigWidget.ui">
      <Filter>Form Files\FunctionalWidget\Config</Filter>
    </CustomBuild>
    <CustomBuild Include="FunctionalWidget\Config\QRCreateWidget.ui">
      <Filter>Form Files\FunctionalWidget\Config</Filter>
    </CustomBuild>
    <CustomBuild Include="FunctionalWidget\Config\StorageCreateWidget.ui">
      <Filter>Form Files\FunctionalWidget\Config</Filter>
    </CustomBuild>
    <CustomBuild Include="FunctionalWidget\Config\SystemConfigWidget.ui">
      <Filter>Form Files\FunctionalWidget\Config</Filter>
    </CustomBuild>
    <CustomBuild Include="FunctionalWidget\Config\TestNetworkWidget.ui">
      <Filter>Form Files\FunctionalWidget\Config</Filter>
    </CustomBuild>
    <CustomBuild Include="FunctionalWidget\Config\WorklistCreateWidget.ui">
      <Filter>Form Files\FunctionalWidget\Config</Filter>
    </CustomBuild>
    <CustomBuild Include="FunctionalWidget\Config\SysConfigWidget.h">
      <Filter>Header Files\FunctionalWidget\Config</Filter>
    </CustomBuild>
    <CustomBuild Include="TrackingWidget\CArmTrackingWidget.ui">
      <Filter>Form Files\TrackingWidget</Filter>
    </CustomBuild>
    <CustomBuild Include="Common\CArmLoginWidget.ui">
      <Filter>Form Files\Common</Filter>
    </CustomBuild>
    <CustomBuild Include="Common\ImageThumbWidget.ui">
      <Filter>Form Files\Common</Filter>
    </CustomBuild>
    <CustomBuild Include="Common\VersionWidget.ui">
      <Filter>Form Files\Common</Filter>
    </CustomBuild>
    <CustomBuild Include="FunctionalWidget\Data\ExportFormatWidget.ui">
      <Filter>Form Files\FunctionalWidget\Data</Filter>
    </CustomBuild>
    <CustomBuild Include="FunctionalWidget\Review\ImageProcessingWidget.ui">
      <Filter>Form Files\FunctionalWidget\Review</Filter>
    </CustomBuild>
    <CustomBuild Include="FunctionalWidget\Data\ExportFormatWidget.h">
      <Filter>Header Files\FunctionalWidget\Data</Filter>
    </CustomBuild>
    <CustomBuild Include="FunctionalWidget\Review\ImageProcessingWidget.h">
      <Filter>Header Files\FunctionalWidget\Review</Filter>
    </CustomBuild>
    <CustomBuild Include="FunctionalWidget\CArmFunctionalWidget.h">
      <Filter>Header Files\FunctionalWidget</Filter>
    </CustomBuild>
    <CustomBuild Include="FunctionalWidget\CArmFunctionalWidget.ui">
      <Filter>Form Files\FunctionalWidget</Filter>
    </CustomBuild>
    <CustomBuild Include="Common\CArmLoginWidget.h">
      <Filter>Header Files\Common</Filter>
    </CustomBuild>
    <CustomBuild Include="Common\ImageThumbWidget.h">
      <Filter>Header Files\Common</Filter>
    </CustomBuild>
    <CustomBuild Include="Common\VersionWidget.h">
      <Filter>Header Files\Common</Filter>
    </CustomBuild>
    <CustomBuild Include="FunctionalWidget\Review\ReviewPageWidget.ui">
      <Filter>Form Files\FunctionalWidget\Review</Filter>
    </CustomBuild>
    <CustomBuild Include="FunctionalWidget\Review\ReviewPageWidget.h">
      <Filter>Header Files\FunctionalWidget\Review</Filter>
    </CustomBuild>
    <CustomBuild Include="FunctionalWidget\Patient\PatientPageWidget.h">
      <Filter>Header Files\FunctionalWidget\Patient</Filter>
    </CustomBuild>
    <CustomBuild Include="FunctionalWidget\Data\DataPageWidget.h">
      <Filter>Header Files\FunctionalWidget\Data</Filter>
    </CustomBuild>
    <CustomBuild Include="FunctionalWidget\Data\DataToolWidget.ui">
      <Filter>Form Files\FunctionalWidget\Data</Filter>
    </CustomBuild>
    <CustomBuild Include="FunctionalWidget\Review\ReviewToolWidget.ui">
      <Filter>Form Files\FunctionalWidget\Review</Filter>
    </CustomBuild>
    <CustomBuild Include="FunctionalWidget\Review\ReviewToolWidget.h">
      <Filter>Header Files\FunctionalWidget\Review</Filter>
    </CustomBuild>
    <CustomBuild Include="FunctionalWidget\Patient\PatientToolWidget.h">
      <Filter>Header Files\FunctionalWidget\Patient</Filter>
    </CustomBuild>
    <CustomBuild Include="FunctionalWidget\Data\DataToolWidget.h">
      <Filter>Header Files\FunctionalWidget\Data</Filter>
    </CustomBuild>
    <CustomBuild Include="FunctionalWidget\Data\DataPage.h">
      <Filter>Header Files\FunctionalWidget\Data</Filter>
    </CustomBuild>
    <CustomBuild Include="FunctionalWidget\Patient\PatientPage.h">
      <Filter>Header Files\FunctionalWidget\Patient</Filter>
    </CustomBuild>
    <CustomBuild Include="FunctionalWidget\Review\ReviewPage.h">
      <Filter>Header Files\FunctionalWidget\Review</Filter>
    </CustomBuild>
    <CustomBuild Include="Common\CArmLogOutWidget.h">
      <Filter>Header Files\Common</Filter>
    </CustomBuild>
    <CustomBuild Include="Common\CArmLogOutWidget.ui">
      <Filter>Form Files\Common</Filter>
    </CustomBuild>
    <CustomBuild Include="StationManager\StationCommManager.h">
      <Filter>Header Files\Manager</Filter>
    </CustomBuild>
    <CustomBuild Include="FunctionalWidget\Patient\MyCalendarWidget.h">
      <Filter>Header Files\FunctionalWidget\Patient</Filter>
    </CustomBuild>
    <CustomBuild Include="FunctionalWidget\Message\messageDialog.ui">
      <Filter>Form Files\FunctionalWidget\Message</Filter>
    </CustomBuild>
    <CustomBuild Include="FunctionalWidget\Message\messageTipDialog.ui">
      <Filter>Form Files\FunctionalWidget\Message</Filter>
    </CustomBuild>
    <CustomBuild Include="FunctionalWidget\Message\MessageDialog.h">
      <Filter>Header Files\FunctionalWidget\Message</Filter>
    </CustomBuild>
    <CustomBuild Include="FunctionalWidget\Message\MessageTipDialog.h">
      <Filter>Header Files\FunctionalWidget\Message</Filter>
    </CustomBuild>
    <CustomBuild Include="FunctionalWidget\Patient\PageNewPatientWidget.h">
      <Filter>Header Files\FunctionalWidget\Patient</Filter>
    </CustomBuild>
    <CustomBuild Include="FunctionalWidget\Patient\PatientToolWidget.ui">
      <Filter>Form Files\FunctionalWidget\Patient</Filter>
    </CustomBuild>
    <CustomBuild Include="FunctionalWidget\Patient\PatientPageWidget.ui">
      <Filter>Form Files\FunctionalWidget\Patient</Filter>
    </CustomBuild>
    <CustomBuild Include="FunctionalWidget\Patient\PageScheduledWidget.h">
      <Filter>Header Files\FunctionalWidget\Patient</Filter>
    </CustomBuild>
    <CustomBuild Include="FunctionalWidget\Patient\RemindWidget.ui">
      <Filter>Form Files\FunctionalWidget\Patient</Filter>
    </CustomBuild>
    <CustomBuild Include="FunctionalWidget\Patient\OrderInfoWidget.ui">
      <Filter>Form Files\FunctionalWidget\Patient</Filter>
    </CustomBuild>
    <CustomBuild Include="FunctionalWidget\Patient\MoreInfoWidget.ui">
      <Filter>Form Files\FunctionalWidget\Patient</Filter>
    </CustomBuild>
    <CustomBuild Include="FunctionalWidget\Patient\PageNewPatientWidget.ui">
      <Filter>Form Files\FunctionalWidget\Patient</Filter>
    </CustomBuild>
    <CustomBuild Include="FunctionalWidget\Review\RotateDialog.ui">
      <Filter>Form Files\FunctionalWidget\Review</Filter>
    </CustomBuild>
    <CustomBuild Include="FunctionalWidget\Review\RotateDialog.h">
      <Filter>Header Files\FunctionalWidget\Review</Filter>
    </CustomBuild>
    <CustomBuild Include="FunctionalWidget\Patient\PageCompletedWidget.ui">
      <Filter>Form Files\FunctionalWidget\Patient</Filter>
    </CustomBuild>
    <CustomBuild Include="FunctionalWidget\Patient\PageCompletedWidget.h">
      <Filter>Header Files\FunctionalWidget\Patient</Filter>
    </CustomBuild>
    <CustomBuild Include="FunctionalWidget\Review\DrawOperationTool.h">
      <Filter>Header Files\FunctionalWidget\Review</Filter>
    </CustomBuild>
    <CustomBuild Include="FunctionalWidget\Review\CArmDragButton.h">
      <Filter>Header Files\FunctionalWidget\Review</Filter>
    </CustomBuild>
    <CustomBuild Include="FunctionalWidget\Review\TextOperationTool.h">
      <Filter>Header Files\FunctionalWidget\Review</Filter>
    </CustomBuild>
    <CustomBuild Include="FunctionalWidget\Review\DirTxOperationTool.h">
      <Filter>Header Files\FunctionalWidget\Review</Filter>
    </CustomBuild>
    <CustomBuild Include="FunctionalWidget\Review\ReviewOperationTool.h">
      <Filter>Header Files\FunctionalWidget\Review</Filter>
    </CustomBuild>
    <CustomBuild Include="FunctionalWidget\Review\ArrowDT.h">
      <Filter>Header Files\FunctionalWidget\Review</Filter>
    </CustomBuild>
    <CustomBuild Include="FunctionalWidget\Review\CommentTextDT.h">
      <Filter>Header Files\FunctionalWidget\Review</Filter>
    </CustomBuild>
    <CustomBuild Include="FunctionalWidget\Review\DirectTextTool.h">
      <Filter>Header Files\FunctionalWidget\Review</Filter>
    </CustomBuild>
    <CustomBuild Include="FunctionalWidget\Patient\PageScheduledWidget.ui">
      <Filter>Form Files\FunctionalWidget\Patient</Filter>
    </CustomBuild>
    <CustomBuild Include="FunctionalWidget\Config\qnavigationwidget.h">
      <Filter>Header Files\FunctionalWidget\Config</Filter>
    </CustomBuild>
    <CustomBuild Include="FunctionalWidget\Config\configdataprovider.h">
      <Filter>Header Files\FunctionalWidget\Config</Filter>
    </CustomBuild>
    <CustomBuild Include="FunctionalWidget\Config\qconfigpage.h">
      <Filter>Header Files\FunctionalWidget\Config</Filter>
    </CustomBuild>
    <CustomBuild Include="FunctionalWidget\Review\SharpenMenu.ui">
      <Filter>Form Files\FunctionalWidget\Review</Filter>
    </CustomBuild>
    <CustomBuild Include="FunctionalWidget\Review\DenoiseMenu.ui">
      <Filter>Form Files\FunctionalWidget\Review</Filter>
    </CustomBuild>
    <CustomBuild Include="Common\CArmPage.h">
      <Filter>Header Files\Common</Filter>
    </CustomBuild>
    <CustomBuild Include="FunctionalWidget\Config\QConfigPageAbstract.h">
      <Filter>Header Files\FunctionalWidget\Config</Filter>
    </CustomBuild>
    <CustomBuild Include="FunctionalWidget\Config\QCfgSysInfoPage.h">
      <Filter>Header Files\FunctionalWidget\Config</Filter>
    </CustomBuild>
    <CustomBuild Include="FunctionalWidget\Config\QCfgImgSamPage.h">
      <Filter>Header Files\FunctionalWidget\Config</Filter>
    </CustomBuild>
    <CustomBuild Include="FunctionalWidget\Config\QCfgPatientInfoPage.h">
      <Filter>Header Files\FunctionalWidget\Config</Filter>
    </CustomBuild>
    <CustomBuild Include="FunctionalWidget\Config\QCfgTimeZonePage.h">
      <Filter>Header Files\FunctionalWidget\Config</Filter>
    </CustomBuild>
    <CustomBuild Include="FunctionalWidget\Config\QCfgCArmSysPage.h">
      <Filter>Header Files\FunctionalWidget\Config</Filter>
    </CustomBuild>
    <CustomBuild Include="FunctionalWidget\Config\QCfgScanPage.h">
      <Filter>Header Files\FunctionalWidget\Config</Filter>
    </CustomBuild>
    <CustomBuild Include="FunctionalWidget\Config\QCfgAdjustWindowsPage.h">
      <Filter>Header Files\FunctionalWidget\Config</Filter>
    </CustomBuild>
    <CustomBuild Include="FunctionalWidget\Config\QCfgDicomPrintPage.h">
      <Filter>Header Files\FunctionalWidget\Config</Filter>
    </CustomBuild>
    <CustomBuild Include="FunctionalWidget\Config\QCfgFactoryResetPage.h">
      <Filter>Header Files\FunctionalWidget\Config</Filter>
    </CustomBuild>
    <CustomBuild Include="FunctionalWidget\Config\QCfgGArmOprationPage.h">
      <Filter>Header Files\FunctionalWidget\Config</Filter>
    </CustomBuild>
    <CustomBuild Include="FunctionalWidget\Config\QCfgLogWatchPage.h">
      <Filter>Header Files\FunctionalWidget\Config</Filter>
    </CustomBuild>
    <CustomBuild Include="FunctionalWidget\Config\QCfgMppsServicePage.h">
      <Filter>Header Files\FunctionalWidget\Config</Filter>
    </CustomBuild>
    <CustomBuild Include="FunctionalWidget\Config\QCfgNetAndDicomPage.h">
      <Filter>Header Files\FunctionalWidget\Config</Filter>
    </CustomBuild>
    <CustomBuild Include="FunctionalWidget\Config\QCfgPadDetectorPage.h">
      <Filter>Header Files\FunctionalWidget\Config</Filter>
    </CustomBuild>
    <CustomBuild Include="FunctionalWidget\Config\QCfgQueryAndRetrievePage.h">
      <Filter>Header Files\FunctionalWidget\Config</Filter>
    </CustomBuild>
    <CustomBuild Include="FunctionalWidget\Config\QCfgSafeSetPage.h">
      <Filter>Header Files\FunctionalWidget\Config</Filter>
    </CustomBuild>
    <CustomBuild Include="FunctionalWidget\Config\QCfgStorageServicePage.h">
      <Filter>Header Files\FunctionalWidget\Config</Filter>
    </CustomBuild>
    <CustomBuild Include="FunctionalWidget\Config\QCfgSysMaintenancePage.h">
      <Filter>Header Files\FunctionalWidget\Config</Filter>
    </CustomBuild>
    <CustomBuild Include="FunctionalWidget\Config\QCfgWorklistPage.h">
      <Filter>Header Files\FunctionalWidget\Config</Filter>
    </CustomBuild>
    <CustomBuild Include="FunctionalWidget\Review\CArmBothwaySlider.h">
      <Filter>Header Files\FunctionalWidget\Review</Filter>
    </CustomBuild>
    <CustomBuild Include="TrackingWidget\CArmTrackingWidget.h">
      <Filter>Header Files\TrackingWidget</Filter>
    </CustomBuild>
    <CustomBuild Include="FunctionalWidget\Review\LineDT.h">
      <Filter>Header Files\FunctionalWidget\Review</Filter>
    </CustomBuild>
    <CustomBuild Include="FunctionalWidget\Review\AngleDT.h">
      <Filter>Header Files\FunctionalWidget\Review</Filter>
    </CustomBuild>
    <CustomBuild Include="FunctionalWidget\Config\QScanModeView.ui">
      <Filter>Form Files\FunctionalWidget\Config</Filter>
    </CustomBuild>
    <CustomBuild Include="FunctionalWidget\Config\QScanOrganView.ui">
      <Filter>Form Files\FunctionalWidget\Config</Filter>
    </CustomBuild>
    <CustomBuild Include="FunctionalWidget\Config\QNavigationView.h">
      <Filter>Header Files\FunctionalWidget\Config</Filter>
    </CustomBuild>
    <CustomBuild Include="FunctionalWidget\Config\QScanModeView.h">
      <Filter>Header Files\FunctionalWidget\Config</Filter>
    </CustomBuild>
    <CustomBuild Include="FunctionalWidget\Config\QScanOrganView.h">
      <Filter>Header Files\FunctionalWidget\Config</Filter>
    </CustomBuild>
    <CustomBuild Include="FunctionalWidget\Review\CalibDT.h">
      <Filter>Header Files\FunctionalWidget\Review</Filter>
    </CustomBuild>
    <CustomBuild Include="FunctionalWidget\Review\ImgCalibDialog.ui">
      <Filter>Form Files\FunctionalWidget\Review</Filter>
    </CustomBuild>
    <CustomBuild Include="FunctionalWidget\Data\DataPageRemindWidget.ui">
      <Filter>Form Files\FunctionalWidget\Data</Filter>
    </CustomBuild>
    <CustomBuild Include="FunctionalWidget\Data\DataPageWidget.ui">
      <Filter>Form Files\FunctionalWidget\Data</Filter>
    </CustomBuild>
    <CustomBuild Include="FunctionalWidget\Data\PreviewWidget.ui">
      <Filter>Form Files\FunctionalWidget\Data</Filter>
    </CustomBuild>
    <CustomBuild Include="FunctionalWidget\Review\ImgCalibDialog.ui">
      <Filter>Form Files</Filter>
    </CustomBuild>
    <CustomBuild Include="FunctionalWidget\Data\CustomQLabel.h">
      <Filter>Header Files\FunctionalWidget\Data</Filter>
    </CustomBuild>
    <CustomBuild Include="FunctionalWidget\Data\PreviewWidget.h">
      <Filter>Header Files\FunctionalWidget\Data</Filter>
    </CustomBuild>
    <CustomBuild Include="FunctionalWidget\Review\ImgCalibDialog.ui">
      <Filter>Form Files</Filter>
    </CustomBuild>
    <CustomBuild Include="FunctionalWidget\Config\QConnectTestDialog.ui">
      <Filter>Form Files\FunctionalWidget\Config</Filter>
    </CustomBuild>
    <CustomBuild Include="FunctionalWidget\Config\QQueryRetrieveAddDialog.ui">
      <Filter>Form Files\FunctionalWidget\Config</Filter>
    </CustomBuild>
    <CustomBuild Include="FunctionalWidget\Config\QStorageServiceAddDialog.ui">
      <Filter>Form Files\FunctionalWidget\Config</Filter>
    </CustomBuild>
    <CustomBuild Include="FunctionalWidget\Config\QWorkListAddDialog.ui">
      <Filter>Form Files\FunctionalWidget\Config</Filter>
    </CustomBuild>
    <CustomBuild Include="FunctionalWidget\Config\Dialog.h">
      <Filter>Header Files\FunctionalWidget\Config\Dialog</Filter>
    </CustomBuild>
    <CustomBuild Include="FunctionalWidget\Config\QConnecting.h">
      <Filter>Header Files\FunctionalWidget\Config\Dialog</Filter>
    </CustomBuild>
    <CustomBuild Include="FunctionalWidget\Config\QConnectTestDialog.h">
      <Filter>Header Files\FunctionalWidget\Config\Dialog</Filter>
    </CustomBuild>
    <CustomBuild Include="FunctionalWidget\Config\QDicomAddDialog.h">
      <Filter>Header Files\FunctionalWidget\Config\Dialog</Filter>
    </CustomBuild>
    <CustomBuild Include="FunctionalWidget\Config\QMppsAddDialog.h">
      <Filter>Header Files\FunctionalWidget\Config\Dialog</Filter>
    </CustomBuild>
    <CustomBuild Include="FunctionalWidget\Config\QQueryRetrieveAddDialog.h">
      <Filter>Header Files\FunctionalWidget\Config\Dialog</Filter>
    </CustomBuild>
    <CustomBuild Include="FunctionalWidget\Config\QStorageServiceAddDialog.h">
      <Filter>Header Files\FunctionalWidget\Config\Dialog</Filter>
    </CustomBuild>
    <CustomBuild Include="FunctionalWidget\Config\QWorkListAddDialog.h">
      <Filter>Header Files\FunctionalWidget\Config\Dialog</Filter>
    </CustomBuild>
    <CustomBuild Include="FunctionalWidget\Config\QDialogAbstract.h">
      <Filter>Header Files\FunctionalWidget\Config\Dialog</Filter>
    </CustomBuild>
    <CustomBuild Include="FunctionalWidget\Review\ImgCalibDialog.ui">
      <Filter>Form Files</Filter>
    </CustomBuild>
    <CustomBuild Include="FunctionalWidget\Config\QServerTab.ui">
      <Filter>Form Files\FunctionalWidget\Config</Filter>
    </CustomBuild>
    <CustomBuild Include="FunctionalWidget\Config\QDicomPrintTab.h">
      <Filter>Header Files\FunctionalWidget\Config\ServerTab</Filter>
    </CustomBuild>
    <CustomBuild Include="FunctionalWidget\Config\QMppsTab.h">
      <Filter>Header Files\FunctionalWidget\Config\ServerTab</Filter>
    </CustomBuild>
    <CustomBuild Include="FunctionalWidget\Config\QQeryRetrieveTab.h">
      <Filter>Header Files\FunctionalWidget\Config\ServerTab</Filter>
    </CustomBuild>
    <CustomBuild Include="FunctionalWidget\Config\QServerTab.h">
      <Filter>Header Files\FunctionalWidget\Config\ServerTab</Filter>
    </CustomBuild>
    <CustomBuild Include="FunctionalWidget\Config\QStorageTab.h">
      <Filter>Header Files\FunctionalWidget\Config\ServerTab</Filter>
    </CustomBuild>
    <CustomBuild Include="FunctionalWidget\Config\QWorListTab.h">
      <Filter>Header Files\FunctionalWidget\Config\ServerTab</Filter>
    </CustomBuild>
    <CustomBuild Include="FunctionalWidget\Config\QDiconPrintEditDialog.h">
      <Filter>Header Files\FunctionalWidget\Config\Dialog</Filter>
    </CustomBuild>
    <CustomBuild Include="FunctionalWidget\Config\QMppsEditDialog.h">
      <Filter>Header Files\FunctionalWidget\Config\Dialog</Filter>
    </CustomBuild>
    <CustomBuild Include="FunctionalWidget\Config\QQREditDialog.h">
      <Filter>Header Files\FunctionalWidget\Config\Dialog</Filter>
    </CustomBuild>
    <CustomBuild Include="FunctionalWidget\Config\QStorageEditDialog.h">
      <Filter>Header Files\FunctionalWidget\Config\Dialog</Filter>
    </CustomBuild>
    <CustomBuild Include="FunctionalWidget\Config\QWorkListEditDialog.h">
      <Filter>Header Files\FunctionalWidget\Config\Dialog</Filter>
    </CustomBuild>
    <CustomBuild Include="FunctionalWidget\Config\QCfgRolePage.h">
      <Filter>Header Files\FunctionalWidget\Config</Filter>
    </CustomBuild>
    <CustomBuild Include="FunctionalWidget\Config\QCfgUserPage.h">
      <Filter>Header Files\FunctionalWidget\Config</Filter>
    </CustomBuild>
    <CustomBuild Include="FunctionalWidget\Review\ImgCalibDialog.ui">
      <Filter>Form Files</Filter>
    </CustomBuild>
    <CustomBuild Include="FunctionalWidget\Config\UserAddDialog.h">
      <Filter>Header Files\FunctionalWidget\Config\Dialog</Filter>
    </CustomBuild>
    <CustomBuild Include="FunctionalWidget\Config\UserAddDialog.ui">
      <Filter>Form Files\FunctionalWidget\Config</Filter>
    </CustomBuild>
    <CustomBuild Include="FunctionalWidget\Config\QCfgUserManagerPage.h">
      <Filter>Header Files\FunctionalWidget\Config</Filter>
    </CustomBuild>
  </ItemGroup>
  <ItemGroup>
    <ClInclude Include="GeneratedFiles\ui_DPrinterCreateWidget.h">
      <Filter>Generated Files</Filter>
    </ClInclude>
    <ClInclude Include="GeneratedFiles\ui_MppsCreateWidget.h">
      <Filter>Generated Files</Filter>
    </ClInclude>
    <ClInclude Include="GeneratedFiles\ui_NetworkConfigWidget.h">
      <Filter>Generated Files</Filter>
    </ClInclude>
    <ClInclude Include="GeneratedFiles\ui_QRCreateWidget.h">
      <Filter>Generated Files</Filter>
    </ClInclude>
    <ClInclude Include="GeneratedFiles\ui_StorageCreateWidget.h">
      <Filter>Generated Files</Filter>
    </ClInclude>
    <ClInclude Include="GeneratedFiles\ui_SystemConfigWidget.h">
      <Filter>Generated Files</Filter>
    </ClInclude>
    <ClInclude Include="GeneratedFiles\ui_TestNetworkWidget.h">
      <Filter>Generated Files</Filter>
    </ClInclude>
    <ClInclude Include="GeneratedFiles\ui_WorklistCreateWidget.h">
      <Filter>Generated Files</Filter>
    </ClInclude>
    <ClInclude Include="Common\CArmStatus.h">
      <Filter>Header Files\Common</Filter>
    </ClInclude>
    <ClInclude Include="GeneratedFiles\ui_CArmLoginWidget.h">
      <Filter>Generated Files</Filter>
    </ClInclude>
    <ClInclude Include="GeneratedFiles\ui_ImageThumbWidget.h">
      <Filter>Generated Files</Filter>
    </ClInclude>
    <ClInclude Include="GeneratedFiles\ui_VersionWidget.h">
      <Filter>Generated Files</Filter>
    </ClInclude>
    <ClInclude Include="GeneratedFiles\ui_ExportFormatWidget.h">
      <Filter>Generated Files</Filter>
    </ClInclude>
    <ClInclude Include="GeneratedFiles\ui_ImageProcessingWidget.h">
      <Filter>Generated Files</Filter>
    </ClInclude>
    <ClInclude Include="GeneratedFiles\ui_CArmFunctionalWidget.h">
      <Filter>Generated Files</Filter>
    </ClInclude>
    <ClInclude Include="GeneratedFiles\ui_ReviewPageWidget.h">
      <Filter>Generated Files</Filter>
    </ClInclude>
    <ClInclude Include="GeneratedFiles\ui_DataToolWidget.h">
      <Filter>Generated Files</Filter>
    </ClInclude>
    <ClInclude Include="GeneratedFiles\ui_ReviewToolWidget.h">
      <Filter>Generated Files</Filter>
    </ClInclude>
    <ClInclude Include="..\Common\Include\CArmDeviceComm.h">
      <Filter>Header Files\Common</Filter>
    </ClInclude>
    <ClInclude Include="..\Common\Include\DeivceStatusServer.h">
      <Filter>Header Files\Common</Filter>
    </ClInclude>
    <ClInclude Include="..\Common\Include\ScanInfoServer.h">
      <Filter>Header Files\Common</Filter>
    </ClInclude>
    <ClInclude Include="Common\CArmWorkStationProc.h">
      <Filter>Header Files\Common</Filter>
    </ClInclude>
    <ClInclude Include="Common\CArmMsg.h">
      <Filter>Header Files\Common</Filter>
    </ClInclude>
    <ClInclude Include="GeneratedFiles\ui_CArmLogOutWidget.h">
      <Filter>Generated Files</Filter>
    </ClInclude>
    <ClInclude Include="Common\CArmCMD.h">
      <Filter>Header Files\Common</Filter>
    </ClInclude>
    <ClInclude Include="Common\WorkStationMsgCtrl.h">
      <Filter>Header Files\Common</Filter>
    </ClInclude>
    <ClInclude Include="TrackingWidget\TrackView.h">
      <Filter>Header Files\TrackingWidget</Filter>
    </ClInclude>
    <ClInclude Include="GeneratedFiles\ui_PatientToolWidget.h">
      <Filter>Generated Files</Filter>
    </ClInclude>
    <ClInclude Include="GeneratedFiles\ui_PatientPageWidget.h">
      <Filter>Generated Files</Filter>
    </ClInclude>
    <ClInclude Include="GeneratedFiles\ui_RemindWidget.h">
      <Filter>Generated Files</Filter>
    </ClInclude>
    <ClInclude Include="GeneratedFiles\ui_OrderInfoWidget.h">
      <Filter>Generated Files</Filter>
    </ClInclude>
    <ClInclude Include="GeneratedFiles\ui_MoreInfoWidget.h">
      <Filter>Generated Files</Filter>
    </ClInclude>
    <ClInclude Include="GeneratedFiles\ui_PageNewPatientWidget.h">
      <Filter>Generated Files</Filter>
    </ClInclude>
    <ClInclude Include="GeneratedFiles\ui_RotateDialog.h">
      <Filter>Generated Files</Filter>
    </ClInclude>
    <ClInclude Include="Common\CArmScanCtrl.h">
      <Filter>Header Files\Common</Filter>
    </ClInclude>
    <ClInclude Include="Common\TouchPanelComm.h">
      <Filter>Header Files\Common</Filter>
    </ClInclude>
    <ClInclude Include="FunctionalWidget\Review\FunctionalView.h">
      <Filter>Header Files\FunctionalWidget\Review</Filter>
    </ClInclude>
    <ClInclude Include="FunctionalWidget\Review\ReviewTool.h">
      <Filter>Header Files\FunctionalWidget\Review</Filter>
    </ClInclude>
    <ClInclude Include="GeneratedFiles\ui_PageScheduledWidget.h">
      <Filter>Generated Files</Filter>
    </ClInclude>
    <ClInclude Include="FunctionalWidget\Config\singleton.h">
      <Filter>Header Files\FunctionalWidget\Config</Filter>
    </ClInclude>
    <ClInclude Include="..\Common\Include\Config.h">
      <Filter>Header Files\Common</Filter>
    </ClInclude>
    <ClInclude Include="..\Common\Include\CArmScCmdDef.h">
      <Filter>Header Files\Common</Filter>
    </ClInclude>
    <ClInclude Include="..\Common\Include\CArmCommon.h">
      <Filter>Header Files\Common</Filter>
    </ClInclude>
    <ClInclude Include="GeneratedFiles\ui_SharpenMenu.h">
      <Filter>Generated Files</Filter>
    </ClInclude>
    <ClInclude Include="GeneratedFiles\ui_DenoiseMenu.h">
      <Filter>Generated Files</Filter>
    </ClInclude>
    <ClInclude Include="Common\CArmWorkStationCommon.h">
      <Filter>Header Files\Common</Filter>
    </ClInclude>
    <ClInclude Include="Common\CArmPrinter.h">
      <Filter>Header Files\Common</Filter>
    </ClInclude>
    <ClInclude Include="GeneratedFiles\ui_QScanModeView.h">
      <Filter>Generated Files</Filter>
    </ClInclude>
    <ClInclude Include="GeneratedFiles\ui_QScanOrganView.h">
      <Filter>Generated Files</Filter>
    </ClInclude>
    <ClInclude Include="GeneratedFiles\ui_ImgCalibDialog.h">
      <Filter>Generated Files</Filter>
    </ClInclude>
    <ClInclude Include="GeneratedFiles\ui_PageCompletedWidget.h">
      <Filter>Generated Files</Filter>
    </ClInclude>
    <ClInclude Include="GeneratedFiles\ui_DataPageRemindWidget.h">
      <Filter>Header Files</Filter>
    </ClInclude>
    <ClInclude Include="GeneratedFiles\ui_DataPageWidget.h">
      <Filter>Header Files</Filter>
    </ClInclude>
    <ClInclude Include="GeneratedFiles\ui_DataPageRemindWidget.h">
      <Filter>Generated Files</Filter>
    </ClInclude>
    <ClInclude Include="GeneratedFiles\ui_DataPageWidget.h">
      <Filter>Generated Files</Filter>
    </ClInclude>
    <ClInclude Include="GeneratedFiles\ui_PreviewWidget.h">
      <Filter>Generated Files</Filter>
    </ClInclude>
    <ClInclude Include="GeneratedFiles\ui_QConnectTestDialog.h">
      <Filter>Generated Files</Filter>
    </ClInclude>
    <ClInclude Include="GeneratedFiles\ui_QQueryRetrieveAddDialog.h">
      <Filter>Generated Files</Filter>
    </ClInclude>
    <ClInclude Include="GeneratedFiles\ui_QStorageServiceAddDialog.h">
      <Filter>Generated Files</Filter>
    </ClInclude>
    <ClInclude Include="GeneratedFiles\ui_QWorkListAddDialog.h">
      <Filter>Generated Files</Filter>
    </ClInclude>
    <ClInclude Include="GeneratedFiles\ui_QServerTab.h">
      <Filter>Generated Files</Filter>
    </ClInclude>
    <ClInclude Include="GeneratedFiles\ui_UserAddDialog.h">
      <Filter>Generated Files</Filter>
    </ClInclude>
  </ItemGroup>
</Project>