<?xml version="1.0" encoding="utf-8"?>
<Project ToolsVersion="4.0" xmlns="http://schemas.microsoft.com/developer/msbuild/2003">
  <ItemGroup>
    <ClCompile Include="CArmDeviceProcess.cpp">
      <Filter>源文件</Filter>
    </ClCompile>
    <ClCompile Include="IPC.cpp">
      <Filter>源文件</Filter>
    </ClCompile>
    <ClCompile Include="stdafx.cpp">
      <Filter>源文件</Filter>
    </ClCompile>
    <ClCompile Include="DevCArm.cpp">
      <Filter>源文件</Filter>
    </ClCompile>
    <ClCompile Include="..\Common\Source\IPC_CMD_Def_CArm.cpp" />
  </ItemGroup>
  <ItemGroup>
    <ClInclude Include="IPC.h">
      <Filter>头文件</Filter>
    </ClInclude>
    <ClInclude Include="stdafx.h">
      <Filter>头文件</Filter>
    </ClInclude>
    <ClInclude Include="targetver.h">
      <Filter>头文件</Filter>
    </ClInclude>
    <ClInclude Include="..\..\Common\Include\IPC_CMD_Def_CArm.h">
      <Filter>头文件</Filter>
    </ClInclude>
    <ClInclude Include="..\..\Common\Include\IPCDefinitions.h">
      <Filter>头文件</Filter>
    </ClInclude>
    <ClInclude Include="resource.h" />
    <ClInclude Include="DevCArm.h">
      <Filter>头文件</Filter>
    </ClInclude>
  </ItemGroup>
  <ItemGroup>
    <Text Include="ReadMe.txt" />
  </ItemGroup>
  <ItemGroup>
    <Filter Include="头文件">
      <UniqueIdentifier>{b4f03914-3b62-47f0-b7fb-24a45d2b6cd8}</UniqueIdentifier>
    </Filter>
    <Filter Include="源文件">
      <UniqueIdentifier>{01bdba1c-cb7a-48d4-8d66-d0a57578a10a}</UniqueIdentifier>
    </Filter>
  </ItemGroup>
  <ItemGroup>
    <ResourceCompile Include="CArmDeviceProcess.rc" />
  </ItemGroup>
</Project>